
Microsoft Visual Studio Solution File, Format Version 12.00
# Visual Studio 14
VisualStudioVersion = 14.0.25420.1
MinimumVisualStudioVersion = 10.0.40219.1
Project("{FAE04EC0-301F-11D3-BF4B-00C04F79EFBC}") = "CodeGames2017.CustomerRating.Model", "CodeGames2017.CustomerRating.Model\CodeGames2017.CustomerRating.Model.csproj", "{77798D1E-5F81-40E8-B3C8-1E0061000933}"
EndProject
Project("{FAE04EC0-301F-11D3-BF4B-00C04F79EFBC}") = "CodeGames2017.CustomerRating.DataAccessLayer", "CodeGames2017.CustomerRating.DataAccessLayer\CodeGames2017.CustomerRating.DataAccessLayer.csproj", "{613C2FDA-D381-4EBE-AEE8-7D740E9510D5}"
EndProject
Project("{FAE04EC0-301F-11D3-BF4B-00C04F79EFBC}") = "CodeGames2017.CustomerRating.Api", "CodeGames2017.CustomerRating.Api\CodeGames2017.CustomerRating.Api.csproj", "{EDC38467-5F6A-47D8-8D12-76E255A4CBF5}"
EndProject
Project("{FAE04EC0-301F-11D3-BF4B-00C04F79EFBC}") = "CodeGames2017.CustomerRating.WebSite", "CodeGames2017.CustomerRating.WebSite\CodeGames2017.CustomerRating.WebSite.csproj", "{30620B0B-2FC9-41D9-8355-FD27F69A34D3}"
EndProject
Global
	GlobalSection(SolutionConfigurationPlatforms) = preSolution
		Debug|Any CPU = Debug|Any CPU
		Release|Any CPU = Release|Any CPU
	EndGlobalSection
	GlobalSection(ProjectConfigurationPlatforms) = postSolution
		{77798D1E-5F81-40E8-B3C8-1E0061000933}.Debug|Any CPU.ActiveCfg = Debug|Any CPU
		{77798D1E-5F81-40E8-B3C8-1E0061000933}.Debug|Any CPU.Build.0 = Debug|Any CPU
		{77798D1E-5F81-40E8-B3C8-1E0061000933}.Release|Any CPU.ActiveCfg = Release|Any CPU
		{77798D1E-5F81-40E8-B3C8-1E0061000933}.Release|Any CPU.Build.0 = Release|Any CPU
		{613C2FDA-D381-4EBE-AEE8-7D740E9510D5}.Debug|Any CPU.ActiveCfg = Debug|Any CPU
		{613C2FDA-D381-4EBE-AEE8-7D740E9510D5}.Debug|Any CPU.Build.0 = Debug|Any CPU
		{613C2FDA-D381-4EBE-AEE8-7D740E9510D5}.Release|Any CPU.ActiveCfg = Release|Any CPU
		{613C2FDA-D381-4EBE-AEE8-7D740E9510D5}.Release|Any CPU.Build.0 = Release|Any CPU
		{30620B0B-2FC9-41D9-8355-FD27F69A34D3}.Debug|Any CPU.ActiveCfg = Debug|Any CPU
		{30620B0B-2FC9-41D9-8355-FD27F69A34D3}.Debug|Any CPU.Build.0 = Debug|Any CPU
		{30620B0B-2FC9-41D9-8355-FD27F69A34D3}.Release|Any CPU.ActiveCfg = Release|Any CPU
		{30620B0B-2FC9-41D9-8355-FD27F69A34D3}.Release|Any CPU.Build.0 = Release|Any CPU
		{EDC38467-5F6A-47D8-8D12-76E255A4CBF5}.Debug|Any CPU.ActiveCfg = Debug|Any CPU
		{EDC38467-5F6A-47D8-8D12-76E255A4CBF5}.Debug|Any CPU.Build.0 = Debug|Any CPU
		{EDC38467-5F6A-47D8-8D12-76E255A4CBF5}.Release|Any CPU.ActiveCfg = Release|Any CPU
		{EDC38467-5F6A-47D8-8D12-76E255A4CBF5}.Release|Any CPU.Build.0 = Release|Any CPU
	EndGlobalSection
	GlobalSection(SolutionProperties) = preSolution
		HideSolutionNode = FALSE
	EndGlobalSection
EndGlobal
